
Microsoft Visual Studio Solution File, Format Version 12.00
# Visual Studio 15
VisualStudioVersion = 15.0.27004.2009
MinimumVisualStudioVersion = 10.0.40219.1
Project("{9A19103F-16F7-4668-BE54-9A1E7A4F7556}") = "PillDispenserWeb", "PillDispenserWeb\PillDispenserWeb.csproj", "{3775F608-855F-4BF9-BD32-05146DCBF72A}"
EndProject
Project("{9A19103F-16F7-4668-BE54-9A1E7A4F7556}") = "PillDispenserWeb.Tests", "PillDispenserWeb.Tests\PillDispenserWeb.Tests.csproj", "{D4F82E8F-F6D9-480E-8812-01186D863231}"
EndProject
Global
	GlobalSection(SolutionConfigurationPlatforms) = preSolution
		Debug|Any CPU = Debug|Any CPU
		Release|Any CPU = Release|Any CPU
	EndGlobalSection
	GlobalSection(ProjectConfigurationPlatforms) = postSolution
		{3775F608-855F-4BF9-BD32-05146DCBF72A}.Debug|Any CPU.ActiveCfg = Debug|Any CPU
		{3775F608-855F-4BF9-BD32-05146DCBF72A}.Debug|Any CPU.Build.0 = Debug|Any CPU
		{3775F608-855F-4BF9-BD32-05146DCBF72A}.Release|Any CPU.ActiveCfg = Release|Any CPU
		{3775F608-855F-4BF9-BD32-05146DCBF72A}.Release|Any CPU.Build.0 = Release|Any CPU
		{D4F82E8F-F6D9-480E-8812-01186D863231}.Debug|Any CPU.ActiveCfg = Debug|Any CPU
		{D4F82E8F-F6D9-480E-8812-01186D863231}.Debug|Any CPU.Build.0 = Debug|Any CPU
		{D4F82E8F-F6D9-480E-8812-01186D863231}.Release|Any CPU.ActiveCfg = Release|Any CPU
		{D4F82E8F-F6D9-480E-8812-01186D863231}.Release|Any CPU.Build.0 = Release|Any CPU
	EndGlobalSection
	GlobalSection(SolutionProperties) = preSolution
		HideSolutionNode = FALSE
	EndGlobalSection
	GlobalSection(ExtensibilityGlobals) = postSolution
		SolutionGuid = {F924692F-525E-478E-B6D5-6D08CE7255A9}
	EndGlobalSection
EndGlobal
